
Microsoft Visual Studio Solution File, Format Version 12.00
# Visual Studio Version 17
VisualStudioVersion = 17.14.36025.13
MinimumVisualStudioVersion = 10.0.40219.1
Project("{FAE04EC0-301F-11D3-BF4B-00C04F79EFBC}") = "Optifine.Installer", "OptifineInstaller\Optifine.Installer.csproj", "{6F2C86C7-47A9-4082-9F28-064D500A9E30}"
EndProject
Project("{FAE04EC0-301F-11D3-BF4B-00C04F79EFBC}") = "TestConsole", "TestConsole\TestConsole.csproj", "{99EB981C-9788-4AAF-95C8-FAF429ADC4F1}"
EndProject
Global
	GlobalSection(SolutionConfigurationPlatforms) = preSolution
		Debug|Any CPU = Debug|Any CPU
		Release|Any CPU = Release|Any CPU
	EndGlobalSection
	GlobalSection(ProjectConfigurationPlatforms) = postSolution
		{6F2C86C7-47A9-4082-9F28-064D500A9E30}.Debug|Any CPU.ActiveCfg = Debug|Any CPU
		{6F2C86C7-47A9-4082-9F28-064D500A9E30}.Debug|Any CPU.Build.0 = Debug|Any CPU
		{6F2C86C7-47A9-4082-9F28-064D500A9E30}.Release|Any CPU.ActiveCfg = Release|Any CPU
		{6F2C86C7-47A9-4082-9F28-064D500A9E30}.Release|Any CPU.Build.0 = Release|Any CPU
		{99EB981C-9788-4AAF-95C8-FAF429ADC4F1}.Debug|Any CPU.ActiveCfg = Debug|Any CPU
		{99EB981C-9788-4AAF-95C8-FAF429ADC4F1}.Debug|Any CPU.Build.0 = Debug|Any CPU
		{99EB981C-9788-4AAF-95C8-FAF429ADC4F1}.Release|Any CPU.ActiveCfg = Release|Any CPU
		{99EB981C-9788-4AAF-95C8-FAF429ADC4F1}.Release|Any CPU.Build.0 = Release|Any CPU
	EndGlobalSection
	GlobalSection(SolutionProperties) = preSolution
		HideSolutionNode = FALSE
	EndGlobalSection
	GlobalSection(ExtensibilityGlobals) = postSolution
		SolutionGuid = {AF982870-3933-4154-8C28-C2888AF837D8}
	EndGlobalSection
EndGlobal
